
Microsoft Visual Studio Solution File, Format Version 12.00
Project("{FAE04EC0-301F-11D3-BF4B-00C04F79EFBC}") = "Geometry", "Geometry\Geometry.csproj", "{304E0693-50E0-47ED-868D-62A24FB4CFB8}"
EndProject
Project("{FAE04EC0-301F-11D3-BF4B-00C04F79EFBC}") = "Geometry.Tests", "Geometry.Tests\Geometry.Tests.csproj", "{EB61F008-6047-43CF-9890-88D009B9535E}"
EndProject
Global
	GlobalSection(SolutionConfigurationPlatforms) = preSolution
		Debug|Any CPU = Debug|Any CPU
		Release|Any CPU = Release|Any CPU
	EndGlobalSection
	GlobalSection(ProjectConfigurationPlatforms) = postSolution
		{304E0693-50E0-47ED-868D-62A24FB4CFB8}.Debug|Any CPU.ActiveCfg = Debug|Any CPU
		{304E0693-50E0-47ED-868D-62A24FB4CFB8}.Debug|Any CPU.Build.0 = Debug|Any CPU
		{304E0693-50E0-47ED-868D-62A24FB4CFB8}.Release|Any CPU.ActiveCfg = Release|Any CPU
		{304E0693-50E0-47ED-868D-62A24FB4CFB8}.Release|Any CPU.Build.0 = Release|Any CPU
		{EB61F008-6047-43CF-9890-88D009B9535E}.Debug|Any CPU.ActiveCfg = Debug|Any CPU
		{EB61F008-6047-43CF-9890-88D009B9535E}.Debug|Any CPU.Build.0 = Debug|Any CPU
		{EB61F008-6047-43CF-9890-88D009B9535E}.Release|Any CPU.ActiveCfg = Release|Any CPU
		{EB61F008-6047-43CF-9890-88D009B9535E}.Release|Any CPU.Build.0 = Release|Any CPU
	EndGlobalSection
EndGlobal
